// !$*UTF8*$!
{
	archiveVersion = 1;
	classes = {
	};
	objectVersion = 50;
	objects = {

/* Begin PBXBuildFile section */
		84625D3721ED943A00AC28DA /* AppDelegate.swift in Sources */ = {isa = PBXBuildFile; fileRef = 84625D3621ED943A00AC28DA /* AppDelegate.swift */; };
		84625D3921ED943A00AC28DA /* ViewController.swift in Sources */ = {isa = PBXBuildFile; fileRef = 84625D3821ED943A00AC28DA /* ViewController.swift */; };
		84625D3C21ED943A00AC28DA /* Main.storyboard in Resources */ = {isa = PBXBuildFile; fileRef = 84625D3A21ED943A00AC28DA /* Main.storyboard */; };
		84625D3E21ED943C00AC28DA /* Assets.xcassets in Resources */ = {isa = PBXBuildFile; fileRef = 84625D3D21ED943C00AC28DA /* Assets.xcassets */; };
		84625D4121ED943C00AC28DA /* LaunchScreen.storyboard in Resources */ = {isa = PBXBuildFile; fileRef = 84625D3F21ED943C00AC28DA /* LaunchScreen.storyboard */; };
		84625D4C21ED943C00AC28DA /* mySecondAppTests.swift in Sources */ = {isa = PBXBuildFile; fileRef = 84625D4B21ED943C00AC28DA /* mySecondAppTests.swift */; };
		84625D5721ED943C00AC28DA /* mySecondAppUITests.swift in Sources */ = {isa = PBXBuildFile; fileRef = 84625D5621ED943C00AC28DA /* mySecondAppUITests.swift */; };
/* End PBXBuildFile section */

/* Begin PBXContainerItemProxy section */
		84625D4821ED943C00AC28DA /* PBXContainerItemProxy */ = {
			isa = PBXContainerItemProxy;
			containerPortal = 84625D2B21ED943A00AC28DA /* Project object */;
			proxyType = 1;
			remoteGlobalIDString = 84625D3221ED943A00AC28DA;
			remoteInfo = mySecondApp;
		};
		84625D5321ED943C00AC28DA /* PBXContainerItemProxy */ = {
			isa = PBXContainerItemProxy;
			containerPortal = 84625D2B21ED943A00AC28DA /* Project object */;
			proxyType = 1;
			remoteGlobalIDString = 84625D3221ED943A00AC28DA;
			remoteInfo = mySecondApp;
		};
/* End PBXContainerItemProxy section */

/* Begin PBXFileReference section */
		84625D3321ED943A00AC28DA /* mySecondApp.app */ = {isa = PBXFileReference; explicitFileType = wrapper.application; includeInIndex = 0; path = mySecondApp.app; sourceTree = BUILT_PRODUCTS_DIR; };
		84625D3621ED943A00AC28DA /* AppDelegate.swift */ = {isa = PBXFileReference; lastKnownFileType = sourcecode.swift; path = AppDelegate.swift; sourceTree = "<group>"; };
		84625D3821ED943A00AC28DA /* ViewController.swift */ = {isa = PBXFileReference; lastKnownFileType = sourcecode.swift; path = ViewController.swift; sourceTree = "<group>"; };
		84625D3B21ED943A00AC28DA /* Base */ = {isa = PBXFileReference; lastKnownFileType = file.storyboard; name = Base; path = Base.lproj/Main.storyboard; sourceTree = "<group>"; };
		84625D3D21ED943C00AC28DA /* Assets.xcassets */ = {isa = PBXFileReference; lastKnownFileType = folder.assetcatalog; path = Assets.xcassets; sourceTree = "<group>"; };
		84625D4021ED943C00AC28DA /* Base */ = {isa = PBXFileReference; lastKnownFileType = file.storyboard; name = Base; path = Base.lproj/LaunchScreen.storyboard; sourceTree = "<group>"; };
		84625D4221ED943C00AC28DA /* Info.plist */ = {isa = PBXFileReference; lastKnownFileType = text.plist.xml; path = Info.plist; sourceTree = "<group>"; };
		84625D4721ED943C00AC28DA /* mySecondAppTests.xctest */ = {isa = PBXFileReference; explicitFileType = wrapper.cfbundle; includeInIndex = 0; path = mySecondAppTests.xctest; sourceTree = BUILT_PRODUCTS_DIR; };
		84625D4B21ED943C00AC28DA /* mySecondAppTests.swift */ = {isa = PBXFileReference; lastKnownFileType = sourcecode.swift; path = mySecondAppTests.swift; sourceTree = "<group>"; };
		84625D4D21ED943C00AC28DA /* Info.plist */ = {isa = PBXFileReference; lastKnownFileType = text.plist.xml; path = Info.plist; sourceTree = "<group>"; };
		84625D5221ED943C00AC28DA /* mySecondAppUITests.xctest */ = {isa = PBXFileReference; explicitFileType = wrapper.cfbundle; includeInIndex = 0; path = mySecondAppUITests.xctest; sourceTree = BUILT_PRODUCTS_DIR; };
		84625D5621ED943C00AC28DA /* mySecondAppUITests.swift */ = {isa = PBXFileReference; lastKnownFileType = sourcecode.swift; path = mySecondAppUITests.swift; sourceTree = "<group>"; };
		84625D5821ED943C00AC28DA /* Info.plist */ = {isa = PBXFileReference; lastKnownFileType = text.plist.xml; path = Info.plist; sourceTree = "<group>"; };
/* End PBXFileReference section */

/* Begin PBXFrameworksBuildPhase section */
		84625D3021ED943A00AC28DA /* Frameworks */ = {
			isa = PBXFrameworksBuildPhase;
			buildActionMask = 2147483647;
			files = (
			);
			runOnlyForDeploymentPostprocessing = 0;
		};
		84625D4421ED943C00AC28DA /* Frameworks */ = {
			isa = PBXFrameworksBuildPhase;
			buildActionMask = 2147483647;
			files = (
			);
			runOnlyForDeploymentPostprocessing = 0;
		};
		84625D4F21ED943C00AC28DA /* Frameworks */ = {
			isa = PBXFrameworksBuildPhase;
			buildActionMask = 2147483647;
			files = (
			);
			runOnlyForDeploymentPostprocessing = 0;
		};
/* End PBXFrameworksBuildPhase section */

/* Begin PBXGroup section */
		84625D2A21ED943A00AC28DA = {
			isa = PBXGroup;
			children = (
				84625D3521ED943A00AC28DA /* mySecondApp */,
				84625D4A21ED943C00AC28DA /* mySecondAppTests */,
				84625D5521ED943C00AC28DA /* mySecondAppUITests */,
				84625D3421ED943A00AC28DA /* Products */,
			);
			sourceTree = "<group>";
		};
		84625D3421ED943A00AC28DA /* Products */ = {
			isa = PBXGroup;
			children = (
				84625D3321ED943A00AC28DA /* mySecondApp.app */,
				84625D4721ED943C00AC28DA /* mySecondAppTests.xctest */,
				84625D5221ED943C00AC28DA /* mySecondAppUITests.xctest */,
			);
			name = Products;
			sourceTree = "<group>";
		};
		84625D3521ED943A00AC28DA /* mySecondApp */ = {
			isa = PBXGroup;
			children = (
				84625D3621ED943A00AC28DA /* AppDelegate.swift */,
				84625D3821ED943A00AC28DA /* ViewController.swift */,
				84625D3A21ED943A00AC28DA /* Main.storyboard */,
				84625D3D21ED943C00AC28DA /* Assets.xcassets */,
				84625D3F21ED943C00AC28DA /* LaunchScreen.storyboard */,
				84625D4221ED943C00AC28DA /* Info.plist */,
			);
			path = mySecondApp;
			sourceTree = "<group>";
		};
		84625D4A21ED943C00AC28DA /* mySecondAppTests */ = {
			isa = PBXGroup;
			children = (
				84625D4B21ED943C00AC28DA /* mySecondAppTests.swift */,
				84625D4D21ED943C00AC28DA /* Info.plist */,
			);
			path = mySecondAppTests;
			sourceTree = "<group>";
		};
		84625D5521ED943C00AC28DA /* mySecondAppUITests */ = {
			isa = PBXGroup;
			children = (
				84625D5621ED943C00AC28DA /* mySecondAppUITests.swift */,
				84625D5821ED943C00AC28DA /* Info.plist */,
			);
			path = mySecondAppUITests;
			sourceTree = "<group>";
		};
/* End PBXGroup section */

/* Begin PBXNativeTarget section */
		84625D3221ED943A00AC28DA /* mySecondApp */ = {
			isa = PBXNativeTarget;
			buildConfigurationList = 84625D5B21ED943C00AC28DA /* Build configuration list for PBXNativeTarget "mySecondApp" */;
			buildPhases = (
				84625D2F21ED943A00AC28DA /* Sources */,
				84625D3021ED943A00AC28DA /* Frameworks */,
				84625D3121ED943A00AC28DA /* Resources */,
			);
			buildRules = (
			);
			dependencies = (
			);
			name = mySecondApp;
			productName = mySecondApp;
			productReference = 84625D3321ED943A00AC28DA /* mySecondApp.app */;
			productType = "com.apple.product-type.application";
		};
		84625D4621ED943C00AC28DA /* mySecondAppTests */ = {
			isa = PBXNativeTarget;
			buildConfigurationList = 84625D5E21ED943C00AC28DA /* Build configuration list for PBXNativeTarget "mySecondAppTests" */;
			buildPhases = (
				84625D4321ED943C00AC28DA /* Sources */,
				84625D4421ED943C00AC28DA /* Frameworks */,
				84625D4521ED943C00AC28DA /* Resources */,
			);
			buildRules = (
			);
			dependencies = (
				84625D4921ED943C00AC28DA /* PBXTargetDependency */,
			);
			name = mySecondAppTests;
			productName = mySecondAppTests;
			productReference = 84625D4721ED943C00AC28DA /* mySecondAppTests.xctest */;
			productType = "com.apple.product-type.bundle.unit-test";
		};
		84625D5121ED943C00AC28DA /* mySecondAppUITests */ = {
			isa = PBXNativeTarget;
			buildConfigurationList = 84625D6121ED943C00AC28DA /* Build configuration list for PBXNativeTarget "mySecondAppUITests" */;
			buildPhases = (
				84625D4E21ED943C00AC28DA /* Sources */,
				84625D4F21ED943C00AC28DA /* Frameworks */,
				84625D5021ED943C00AC28DA /* Resources */,
			);
			buildRules = (
			);
			dependencies = (
				84625D5421ED943C00AC28DA /* PBXTargetDependency */,
			);
			name = mySecondAppUITests;
			productName = mySecondAppUITests;
			productReference = 84625D5221ED943C00AC28DA /* mySecondAppUITests.xctest */;
			productType = "com.apple.product-type.bundle.ui-testing";
		};
/* End PBXNativeTarget section */

/* Begin PBXProject section */
		84625D2B21ED943A00AC28DA /* Project object */ = {
			isa = PBXProject;
			attributes = {
				LastSwiftUpdateCheck = 1010;
				LastUpgradeCheck = 1010;
				ORGANIZATIONNAME = Saiwarun.Y;
				TargetAttributes = {
					84625D3221ED943A00AC28DA = {
						CreatedOnToolsVersion = 10.1;
					};
					84625D4621ED943C00AC28DA = {
						CreatedOnToolsVersion = 10.1;
						TestTargetID = 84625D3221ED943A00AC28DA;
					};
					84625D5121ED943C00AC28DA = {
						CreatedOnToolsVersion = 10.1;
						TestTargetID = 84625D3221ED943A00AC28DA;
					};
				};
			};
			buildConfigurationList = 84625D2E21ED943A00AC28DA /* Build configuration list for PBXProject "mySecondApp" */;
			compatibilityVersion = "Xcode 9.3";
			developmentRegion = en;
			hasScannedForEncodings = 0;
			knownRegions = (
				en,
				Base,
			);
			mainGroup = 84625D2A21ED943A00AC28DA;
			productRefGroup = 84625D3421ED943A00AC28DA /* Products */;
			projectDirPath = "";
			projectRoot = "";
			targets = (
				84625D3221ED943A00AC28DA /* mySecondApp */,
				84625D4621ED943C00AC28DA /* mySecondAppTests */,
				84625D5121ED943C00AC28DA /* mySecondAppUITests */,
			);
		};
/* End PBXProject section */

/* Begin PBXResourcesBuildPhase section */
		84625D3121ED943A00AC28DA /* Resources */ = {
			isa = PBXResourcesBuildPhase;
			buildActionMask = 2147483647;
			files = (
				84625D4121ED943C00AC28DA /* LaunchScreen.storyboard in Resources */,
				84625D3E21ED943C00AC28DA /* Assets.xcassets in Resources */,
				84625D3C21ED943A00AC28DA /* Main.storyboard in Resources */,
			);
			runOnlyForDeploymentPostprocessing = 0;
		};
		84625D4521ED943C00AC28DA /* Resources */ = {
			isa = PBXResourcesBuildPhase;
			buildActionMask = 2147483647;
			files = (
			);
			runOnlyForDeploymentPostprocessing = 0;
		};
		84625D5021ED943C00AC28DA /* Resources */ = {
			isa = PBXResourcesBuildPhase;
			buildActionMask = 2147483647;
			files = (
			);
			runOnlyForDeploymentPostprocessing = 0;
		};
/* End PBXResourcesBuildPhase section */

/* Begin PBXSourcesBuildPhase section */
		84625D2F21ED943A00AC28DA /* Sources */ = {
			isa = PBXSourcesBuildPhase;
			buildActionMask = 2147483647;
			files = (
				84625D3921ED943A00AC28DA /* ViewController.swift in Sources */,
				84625D3721ED943A00AC28DA /* AppDelegate.swift in Sources */,
			);
			runOnlyForDeploymentPostprocessing = 0;
		};
		84625D4321ED943C00AC28DA /* Sources */ = {
			isa = PBXSourcesBuildPhase;
			buildActionMask = 2147483647;
			files = (
				84625D4C21ED943C00AC28DA /* mySecondAppTests.swift in Sources */,
			);
			runOnlyForDeploymentPostprocessing = 0;
		};
		84625D4E21ED943C00AC28DA /* Sources */ = {
			isa = PBXSourcesBuildPhase;
			buildActionMask = 2147483647;
			files = (
				84625D5721ED943C00AC28DA /* mySecondAppUITests.swift in Sources */,
			);
			runOnlyForDeploymentPostprocessing = 0;
		};
/* End PBXSourcesBuildPhase section */

/* Begin PBXTargetDependency section */
		84625D4921ED943C00AC28DA /* PBXTargetDependency */ = {
			isa = PBXTargetDependency;
			target = 84625D3221ED943A00AC28DA /* mySecondApp */;
			targetProxy = 84625D4821ED943C00AC28DA /* PBXContainerItemProxy */;
		};
		84625D5421ED943C00AC28DA /* PBXTargetDependency */ = {
			isa = PBXTargetDependency;
			target = 84625D3221ED943A00AC28DA /* mySecondApp */;
			targetProxy = 84625D5321ED943C00AC28DA /* PBXContainerItemProxy */;
		};
/* End PBXTargetDependency section */

/* Begin PBXVariantGroup section */
		84625D3A21ED943A00AC28DA /* Main.storyboard */ = {
			isa = PBXVariantGroup;
			children = (
				84625D3B21ED943A00AC28DA /* Base */,
			);
			name = Main.storyboard;
			sourceTree = "<group>";
		};
		84625D3F21ED943C00AC28DA /* LaunchScreen.storyboard */ = {
			isa = PBXVariantGroup;
			children = (
				84625D4021ED943C00AC28DA /* Base */,
			);
			name = LaunchScreen.storyboard;
			sourceTree = "<group>";
		};
/* End PBXVariantGroup section */

/* Begin XCBuildConfiguration section */
		84625D5921ED943C00AC28DA /* Debug */ = {
			isa = XCBuildConfiguration;
			buildSettings = {
				ALWAYS_SEARCH_USER_PATHS = NO;
				CLANG_ANALYZER_NONNULL = YES;
				CLANG_ANALYZER_NUMBER_OBJECT_CONVERSION = YES_AGGRESSIVE;
				CLANG_CXX_LANGUAGE_STANDARD = "gnu++14";
				CLANG_CXX_LIBRARY = "libc++";
				CLANG_ENABLE_MODULES = YES;
				CLANG_ENABLE_OBJC_ARC = YES;
				CLANG_ENABLE_OBJC_WEAK = YES;
				CLANG_WARN_BLOCK_CAPTURE_AUTORELEASING = YES;
				CLANG_WARN_BOOL_CONVERSION = YES;
				CLANG_WARN_COMMA = YES;
				CLANG_WARN_CONSTANT_CONVERSION = YES;
				CLANG_WARN_DEPRECATED_OBJC_IMPLEMENTATIONS = YES;
				CLANG_WARN_DIRECT_OBJC_ISA_USAGE = YES_ERROR;
				CLANG_WARN_DOCUMENTATION_COMMENTS = YES;
				CLANG_WARN_EMPTY_BODY = YES;
				CLANG_WARN_ENUM_CONVERSION = YES;
				CLANG_WARN_INFINITE_RECURSION = YES;
				CLANG_WARN_INT_CONVERSION = YES;
				CLANG_WARN_NON_LITERAL_NULL_CONVERSION = YES;
				CLANG_WARN_OBJC_IMPLICIT_RETAIN_SELF = YES;
				CLANG_WARN_OBJC_LITERAL_CONVERSION = YES;
				CLANG_WARN_OBJC_ROOT_CLASS = YES_ERROR;
				CLANG_WARN_RANGE_LOOP_ANALYSIS = YES;
				CLANG_WARN_STRICT_PROTOTYPES = YES;
				CLANG_WARN_SUSPICIOUS_MOVE = YES;
				CLANG_WARN_UNGUARDED_AVAILABILITY = YES_AGGRESSIVE;
				CLANG_WARN_UNREACHABLE_CODE = YES;
				CLANG_WARN__DUPLICATE_METHOD_MATCH = YES;
				CODE_SIGN_IDENTITY = "iPhone Developer";
				COPY_PHASE_STRIP = NO;
				DEBUG_INFORMATION_FORMAT = dwarf;
				ENABLE_STRICT_OBJC_MSGSEND = YES;
				ENABLE_TESTABILITY = YES;
				GCC_C_LANGUAGE_STANDARD = gnu11;
				GCC_DYNAMIC_NO_PIC = NO;
				GCC_NO_COMMON_BLOCKS = YES;
				GCC_OPTIMIZATION_LEVEL = 0;
				GCC_PREPROCESSOR_DEFINITIONS = (
					"DEBUG=1",
					"$(inherited)",
				);
				GCC_WARN_64_TO_32_BIT_CONVERSION = YES;
				GCC_WARN_ABOUT_RETURN_TYPE = YES_ERROR;
				GCC_WARN_UNDECLARED_SELECTOR = YES;
				GCC_WARN_UNINITIALIZED_AUTOS = YES_AGGRESSIVE;
				GCC_WARN_UNUSED_FUNCTION = YES;
				GCC_WARN_UNUSED_VARIABLE = YES;
				IPHONEOS_DEPLOYMENT_TARGET = 12.1;
				MTL_ENABLE_DEBUG_INFO = INCLUDE_SOURCE;
				MTL_FAST_MATH = YES;
				ONLY_ACTIVE_ARCH = YES;
				SDKROOT = iphoneos;
				SWIFT_ACTIVE_COMPILATION_CONDITIONS = DEBUG;
				SWIFT_OPTIMIZATION_LEVEL = "-Onone";
			};
			name = Debug;
		};
		84625D5A21ED943C00AC28DA /* Release */ = {
			isa = XCBuildConfiguration;
			buildSettings = {
				ALWAYS_SEARCH_USER_PATHS = NO;
				CLANG_ANALYZER_NONNULL = YES;
				CLANG_ANALYZER_NUMBER_OBJECT_CONVERSION = YES_AGGRESSIVE;
				CLANG_CXX_LANGUAGE_STANDARD = "gnu++14";
				CLANG_CXX_LIBRARY = "libc++";
				CLANG_ENABLE_MODULES = YES;
				CLANG_ENABLE_OBJC_ARC = YES;
				CLANG_ENABLE_OBJC_WEAK = YES;
				CLANG_WARN_BLOCK_CAPTURE_AUTORELEASING = YES;
				CLANG_WARN_BOOL_CONVERSION = YES;
				CLANG_WARN_COMMA = YES;
				CLANG_WARN_CONSTANT_CONVERSION = YES;
				CLANG_WARN_DEPRECATED_OBJC_IMPLEMENTATIONS = YES;
				CLANG_WARN_DIRECT_OBJC_ISA_USAGE = YES_ERROR;
				CLANG_WARN_DOCUMENTATION_COMMENTS = YES;
				CLANG_WARN_EMPTY_BODY = YES;
				CLANG_WARN_ENUM_CONVERSION = YES;
				CLANG_WARN_INFINITE_RECURSION = YES;
				CLANG_WARN_INT_CONVERSION = YES;
				CLANG_WARN_NON_LITERAL_NULL_CONVERSION = YES;
				CLANG_WARN_OBJC_IMPLICIT_RETAIN_SELF = YES;
				CLANG_WARN_OBJC_LITERAL_CONVERSION = YES;
				CLANG_WARN_OBJC_ROOT_CLASS = YES_ERROR;
				CLANG_WARN_RANGE_LOOP_ANALYSIS = YES;
				CLANG_WARN_STRICT_PROTOTYPES = YES;
				CLANG_WARN_SUSPICIOUS_MOVE = YES;
				CLANG_WARN_UNGUARDED_AVAILABILITY = YES_AGGRESSIVE;
				CLANG_WARN_UNREACHABLE_CODE = YES;
				CLANG_WARN__DUPLICATE_METHOD_MATCH = YES;
				CODE_SIGN_IDENTITY = "iPhone Developer";
				COPY_PHASE_STRIP = NO;
				DEBUG_INFORMATION_FORMAT = "dwarf-with-dsym";
				ENABLE_NS_ASSERTIONS = NO;
				ENABLE_STRICT_OBJC_MSGSEND = YES;
				GCC_C_LANGUAGE_STANDARD = gnu11;
				GCC_NO_COMMON_BLOCKS = YES;
				GCC_WARN_64_TO_32_BIT_CONVERSION = YES;
				GCC_WARN_ABOUT_RETURN_TYPE = YES_ERROR;
				GCC_WARN_UNDECLARED_SELECTOR = YES;
				GCC_WARN_UNINITIALIZED_AUTOS = YES_AGGRESSIVE;
				GCC_WARN_UNUSED_FUNCTION = YES;
				GCC_WARN_UNUSED_VARIABLE = YES;
				IPHONEOS_DEPLOYMENT_TARGET = 12.1;
				MTL_ENABLE_DEBUG_INFO = NO;
				MTL_FAST_MATH = YES;
				SDKROOT = iphoneos;
				SWIFT_COMPILATION_MODE = wholemodule;
				SWIFT_OPTIMIZATION_LEVEL = "-O";
				VALIDATE_PRODUCT = YES;
			};
			name = Release;
		};
		84625D5C21ED943C00AC28DA /* Debug */ = {
			isa = XCBuildConfiguration;
			buildSettings = {
				ASSETCATALOG_COMPILER_APPICON_NAME = AppIcon;
				CODE_SIGN_STYLE = Automatic;
				INFOPLIST_FILE = mySecondApp/Info.plist;
				LD_RUNPATH_SEARCH_PATHS = (
					"$(inherited)",
					"@executable_path/Frameworks",
				);
				PRODUCT_BUNDLE_IDENTIFIER = Y.Saiwarun.mySecondApp;
				PRODUCT_NAME = "$(TARGET_NAME)";
				SWIFT_VERSION = 4.2;
				TARGETED_DEVICE_FAMILY = "1,2";
			};
			name = Debug;
		};
		84625D5D21ED943C00AC28DA /* Release */ = {
			isa = XCBuildConfiguration;
			buildSettings = {
				ASSETCATALOG_COMPILER_APPICON_NAME = AppIcon;
				CODE_SIGN_STYLE = Automatic;
				INFOPLIST_FILE = mySecondApp/Info.plist;
				LD_RUNPATH_SEARCH_PATHS = (
					"$(inherited)",
					"@executable_path/Frameworks",
				);
				PRODUCT_BUNDLE_IDENTIFIER = Y.Saiwarun.mySecondApp;
				PRODUCT_NAME = "$(TARGET_NAME)";
				SWIFT_VERSION = 4.2;
				TARGETED_DEVICE_FAMILY = "1,2";
			};
			name = Release;
		};
		84625D5F21ED943C00AC28DA /* Debug */ = {
			isa = XCBuildConfiguration;
			buildSettings = {
				ALWAYS_EMBED_SWIFT_STANDARD_LIBRARIES = YES;
				BUNDLE_LOADER = "$(TEST_HOST)";
				CODE_SIGN_STYLE = Automatic;
				INFOPLIST_FILE = mySecondAppTests/Info.plist;
				LD_RUNPATH_SEARCH_PATHS = (
					"$(inherited)",
					"@executable_path/Frameworks",
					"@loader_path/Frameworks",
				);
				PRODUCT_BUNDLE_IDENTIFIER = Y.Saiwarun.mySecondAppTests;
				PRODUCT_NAME = "$(TARGET_NAME)";
				SWIFT_VERSION = 4.2;
				TARGETED_DEVICE_FAMILY = "1,2";
				TEST_HOST = "$(BUILT_PRODUCTS_DIR)/mySecondApp.app/mySecondApp";
			};
			name = Debug;
		};
		84625D6021ED943C00AC28DA /* Release */ = {
			isa = XCBuildConfiguration;
			buildSettings = {
				ALWAYS_EMBED_SWIFT_STANDARD_LIBRARIES = YES;
				BUNDLE_LOADER = "$(TEST_HOST)";
				CODE_SIGN_STYLE = Automatic;
				INFOPLIST_FILE = mySecondAppTests/Info.plist;
				LD_RUNPATH_SEARCH_PATHS = (
					"$(inherited)",
					"@executable_path/Frameworks",
					"@loader_path/Frameworks",
				);
				PRODUCT_BUNDLE_IDENTIFIER = Y.Saiwarun.mySecondAppTests;
				PRODUCT_NAME = "$(TARGET_NAME)";
				SWIFT_VERSION = 4.2;
				TARGETED_DEVICE_FAMILY = "1,2";
				TEST_HOST = "$(BUILT_PRODUCTS_DIR)/mySecondApp.app/mySecondApp";
			};
			name = Release;
		};
		84625D6221ED943C00AC28DA /* Debug */ = {
			isa = XCBuildConfiguration;
			buildSettings = {
				ALWAYS_EMBED_SWIFT_STANDARD_LIBRARIES = YES;
				CODE_SIGN_STYLE = Automatic;
				INFOPLIST_FILE = mySecondAppUITests/Info.plist;
				LD_RUNPATH_SEARCH_PATHS = (
					"$(inherited)",
					"@executable_path/Frameworks",
					"@loader_path/Frameworks",
				);
				PRODUCT_BUNDLE_IDENTIFIER = Y.Saiwarun.mySecondAppUITests;
				PRODUCT_NAME = "$(TARGET_NAME)";
				SWIFT_VERSION = 4.2;
				TARGETED_DEVICE_FAMILY = "1,2";
				TEST_TARGET_NAME = mySecondApp;
			};
			name = Debug;
		};
		84625D6321ED943C00AC28DA /* Release */ = {
			isa = XCBuildConfiguration;
			buildSettings = {
				ALWAYS_EMBED_SWIFT_STANDARD_LIBRARIES = YES;
				CODE_SIGN_STYLE = Automatic;
				INFOPLIST_FILE = mySecondAppUITests/Info.plist;
				LD_RUNPATH_SEARCH_PATHS = (
					"$(inherited)",
					"@executable_path/Frameworks",
					"@loader_path/Frameworks",
				);
				PRODUCT_BUNDLE_IDENTIFIER = Y.Saiwarun.mySecondAppUITests;
				PRODUCT_NAME = "$(TARGET_NAME)";
				SWIFT_VERSION = 4.2;
				TARGETED_DEVICE_FAMILY = "1,2";
				TEST_TARGET_NAME = mySecondApp;
			};
			name = Release;
		};
/* End XCBuildConfiguration section */

/* Begin XCConfigurationList section */
		84625D2E21ED943A00AC28DA /* Build configuration list for PBXProject "mySecondApp" */ = {
			isa = XCConfigurationList;
			buildConfigurations = (
				84625D5921ED943C00AC28DA /* Debug */,
				84625D5A21ED943C00AC28DA /* Release */,
			);
			defaultConfigurationIsVisible = 0;
			defaultConfigurationName = Release;
		};
		84625D5B21ED943C00AC28DA /* Build configuration list for PBXNativeTarget "mySecondApp" */ = {
			isa = XCConfigurationList;
			buildConfigurations = (
				84625D5C21ED943C00AC28DA /* Debug */,
				84625D5D21ED943C00AC28DA /* Release */,
			);
			defaultConfigurationIsVisible = 0;
			defaultConfigurationName = Release;
		};
		84625D5E21ED943C00AC28DA /* Build configuration list for PBXNativeTarget "mySecondAppTests" */ = {
			isa = XCConfigurationList;
			buildConfigurations = (
				84625D5F21ED943C00AC28DA /* Debug */,
				84625D6021ED943C00AC28DA /* Release */,
			);
			defaultConfigurationIsVisible = 0;
			defaultConfigurationName = Release;
		};
		84625D6121ED943C00AC28DA /* Build configuration list for PBXNativeTarget "mySecondAppUITests" */ = {
			isa = XCConfigurationList;
			buildConfigurations = (
				84625D6221ED943C00AC28DA /* Debug */,
				84625D6321ED943C00AC28DA /* Release */,
			);
			defaultConfigurationIsVisible = 0;
			defaultConfigurationName = Release;
		};
/* End XCConfigurationList section */
	};
	rootObject = 84625D2B21ED943A00AC28DA /* Project object */;
}
