// !$*UTF8*$!
{
	archiveVersion = 1;
	classes = {
	};
	objectVersion = 50;
	objects = {

/* Begin PBXBuildFile section */
		847BA96921F8498400B952E9 /* AppDelegate.swift in Sources */ = {isa = PBXBuildFile; fileRef = 847BA96821F8498400B952E9 /* AppDelegate.swift */; };
		847BA96B21F8498400B952E9 /* ViewController.swift in Sources */ = {isa = PBXBuildFile; fileRef = 847BA96A21F8498400B952E9 /* ViewController.swift */; };
		847BA96E21F8498400B952E9 /* Main.storyboard in Resources */ = {isa = PBXBuildFile; fileRef = 847BA96C21F8498400B952E9 /* Main.storyboard */; };
		847BA97121F8498400B952E9 /* appML.xcdatamodeld in Sources */ = {isa = PBXBuildFile; fileRef = 847BA96F21F8498400B952E9 /* appML.xcdatamodeld */; };
		847BA97321F8498D00B952E9 /* Assets.xcassets in Resources */ = {isa = PBXBuildFile; fileRef = 847BA97221F8498D00B952E9 /* Assets.xcassets */; };
		847BA97621F8498D00B952E9 /* LaunchScreen.storyboard in Resources */ = {isa = PBXBuildFile; fileRef = 847BA97421F8498D00B952E9 /* LaunchScreen.storyboard */; };
		847BA98121F8498D00B952E9 /* appMLTests.swift in Sources */ = {isa = PBXBuildFile; fileRef = 847BA98021F8498D00B952E9 /* appMLTests.swift */; };
		847BA98C21F8498D00B952E9 /* appMLUITests.swift in Sources */ = {isa = PBXBuildFile; fileRef = 847BA98B21F8498D00B952E9 /* appMLUITests.swift */; };
/* End PBXBuildFile section */

/* Begin PBXContainerItemProxy section */
		847BA97D21F8498D00B952E9 /* PBXContainerItemProxy */ = {
			isa = PBXContainerItemProxy;
			containerPortal = 847BA95D21F8498400B952E9 /* Project object */;
			proxyType = 1;
			remoteGlobalIDString = 847BA96421F8498400B952E9;
			remoteInfo = appML;
		};
		847BA98821F8498D00B952E9 /* PBXContainerItemProxy */ = {
			isa = PBXContainerItemProxy;
			containerPortal = 847BA95D21F8498400B952E9 /* Project object */;
			proxyType = 1;
			remoteGlobalIDString = 847BA96421F8498400B952E9;
			remoteInfo = appML;
		};
/* End PBXContainerItemProxy section */

/* Begin PBXFileReference section */
		847BA96521F8498400B952E9 /* appML.app */ = {isa = PBXFileReference; explicitFileType = wrapper.application; includeInIndex = 0; path = appML.app; sourceTree = BUILT_PRODUCTS_DIR; };
		847BA96821F8498400B952E9 /* AppDelegate.swift */ = {isa = PBXFileReference; lastKnownFileType = sourcecode.swift; path = AppDelegate.swift; sourceTree = "<group>"; };
		847BA96A21F8498400B952E9 /* ViewController.swift */ = {isa = PBXFileReference; lastKnownFileType = sourcecode.swift; path = ViewController.swift; sourceTree = "<group>"; };
		847BA96D21F8498400B952E9 /* Base */ = {isa = PBXFileReference; lastKnownFileType = file.storyboard; name = Base; path = Base.lproj/Main.storyboard; sourceTree = "<group>"; };
		847BA97021F8498400B952E9 /* appML.xcdatamodel */ = {isa = PBXFileReference; lastKnownFileType = wrapper.xcdatamodel; path = appML.xcdatamodel; sourceTree = "<group>"; };
		847BA97221F8498D00B952E9 /* Assets.xcassets */ = {isa = PBXFileReference; lastKnownFileType = folder.assetcatalog; path = Assets.xcassets; sourceTree = "<group>"; };
		847BA97521F8498D00B952E9 /* Base */ = {isa = PBXFileReference; lastKnownFileType = file.storyboard; name = Base; path = Base.lproj/LaunchScreen.storyboard; sourceTree = "<group>"; };
		847BA97721F8498D00B952E9 /* Info.plist */ = {isa = PBXFileReference; lastKnownFileType = text.plist.xml; path = Info.plist; sourceTree = "<group>"; };
		847BA97C21F8498D00B952E9 /* appMLTests.xctest */ = {isa = PBXFileReference; explicitFileType = wrapper.cfbundle; includeInIndex = 0; path = appMLTests.xctest; sourceTree = BUILT_PRODUCTS_DIR; };
		847BA98021F8498D00B952E9 /* appMLTests.swift */ = {isa = PBXFileReference; lastKnownFileType = sourcecode.swift; path = appMLTests.swift; sourceTree = "<group>"; };
		847BA98221F8498D00B952E9 /* Info.plist */ = {isa = PBXFileReference; lastKnownFileType = text.plist.xml; path = Info.plist; sourceTree = "<group>"; };
		847BA98721F8498D00B952E9 /* appMLUITests.xctest */ = {isa = PBXFileReference; explicitFileType = wrapper.cfbundle; includeInIndex = 0; path = appMLUITests.xctest; sourceTree = BUILT_PRODUCTS_DIR; };
		847BA98B21F8498D00B952E9 /* appMLUITests.swift */ = {isa = PBXFileReference; lastKnownFileType = sourcecode.swift; path = appMLUITests.swift; sourceTree = "<group>"; };
		847BA98D21F8498D00B952E9 /* Info.plist */ = {isa = PBXFileReference; lastKnownFileType = text.plist.xml; path = Info.plist; sourceTree = "<group>"; };
/* End PBXFileReference section */

/* Begin PBXFrameworksBuildPhase section */
		847BA96221F8498400B952E9 /* Frameworks */ = {
			isa = PBXFrameworksBuildPhase;
			buildActionMask = 2147483647;
			files = (
			);
			runOnlyForDeploymentPostprocessing = 0;
		};
		847BA97921F8498D00B952E9 /* Frameworks */ = {
			isa = PBXFrameworksBuildPhase;
			buildActionMask = 2147483647;
			files = (
			);
			runOnlyForDeploymentPostprocessing = 0;
		};
		847BA98421F8498D00B952E9 /* Frameworks */ = {
			isa = PBXFrameworksBuildPhase;
			buildActionMask = 2147483647;
			files = (
			);
			runOnlyForDeploymentPostprocessing = 0;
		};
/* End PBXFrameworksBuildPhase section */

/* Begin PBXGroup section */
		847BA95C21F8498400B952E9 = {
			isa = PBXGroup;
			children = (
				847BA96721F8498400B952E9 /* appML */,
				847BA97F21F8498D00B952E9 /* appMLTests */,
				847BA98A21F8498D00B952E9 /* appMLUITests */,
				847BA96621F8498400B952E9 /* Products */,
			);
			sourceTree = "<group>";
		};
		847BA96621F8498400B952E9 /* Products */ = {
			isa = PBXGroup;
			children = (
				847BA96521F8498400B952E9 /* appML.app */,
				847BA97C21F8498D00B952E9 /* appMLTests.xctest */,
				847BA98721F8498D00B952E9 /* appMLUITests.xctest */,
			);
			name = Products;
			sourceTree = "<group>";
		};
		847BA96721F8498400B952E9 /* appML */ = {
			isa = PBXGroup;
			children = (
				847BA96821F8498400B952E9 /* AppDelegate.swift */,
				847BA96A21F8498400B952E9 /* ViewController.swift */,
				847BA96C21F8498400B952E9 /* Main.storyboard */,
				847BA97221F8498D00B952E9 /* Assets.xcassets */,
				847BA97421F8498D00B952E9 /* LaunchScreen.storyboard */,
				847BA97721F8498D00B952E9 /* Info.plist */,
				847BA96F21F8498400B952E9 /* appML.xcdatamodeld */,
			);
			path = appML;
			sourceTree = "<group>";
		};
		847BA97F21F8498D00B952E9 /* appMLTests */ = {
			isa = PBXGroup;
			children = (
				847BA98021F8498D00B952E9 /* appMLTests.swift */,
				847BA98221F8498D00B952E9 /* Info.plist */,
			);
			path = appMLTests;
			sourceTree = "<group>";
		};
		847BA98A21F8498D00B952E9 /* appMLUITests */ = {
			isa = PBXGroup;
			children = (
				847BA98B21F8498D00B952E9 /* appMLUITests.swift */,
				847BA98D21F8498D00B952E9 /* Info.plist */,
			);
			path = appMLUITests;
			sourceTree = "<group>";
		};
/* End PBXGroup section */

/* Begin PBXNativeTarget section */
		847BA96421F8498400B952E9 /* appML */ = {
			isa = PBXNativeTarget;
			buildConfigurationList = 847BA99021F8498D00B952E9 /* Build configuration list for PBXNativeTarget "appML" */;
			buildPhases = (
				847BA96121F8498400B952E9 /* Sources */,
				847BA96221F8498400B952E9 /* Frameworks */,
				847BA96321F8498400B952E9 /* Resources */,
			);
			buildRules = (
			);
			dependencies = (
			);
			name = appML;
			productName = appML;
			productReference = 847BA96521F8498400B952E9 /* appML.app */;
			productType = "com.apple.product-type.application";
		};
		847BA97B21F8498D00B952E9 /* appMLTests */ = {
			isa = PBXNativeTarget;
			buildConfigurationList = 847BA99321F8498D00B952E9 /* Build configuration list for PBXNativeTarget "appMLTests" */;
			buildPhases = (
				847BA97821F8498D00B952E9 /* Sources */,
				847BA97921F8498D00B952E9 /* Frameworks */,
				847BA97A21F8498D00B952E9 /* Resources */,
			);
			buildRules = (
			);
			dependencies = (
				847BA97E21F8498D00B952E9 /* PBXTargetDependency */,
			);
			name = appMLTests;
			productName = appMLTests;
			productReference = 847BA97C21F8498D00B952E9 /* appMLTests.xctest */;
			productType = "com.apple.product-type.bundle.unit-test";
		};
		847BA98621F8498D00B952E9 /* appMLUITests */ = {
			isa = PBXNativeTarget;
			buildConfigurationList = 847BA99621F8498D00B952E9 /* Build configuration list for PBXNativeTarget "appMLUITests" */;
			buildPhases = (
				847BA98321F8498D00B952E9 /* Sources */,
				847BA98421F8498D00B952E9 /* Frameworks */,
				847BA98521F8498D00B952E9 /* Resources */,
			);
			buildRules = (
			);
			dependencies = (
				847BA98921F8498D00B952E9 /* PBXTargetDependency */,
			);
			name = appMLUITests;
			productName = appMLUITests;
			productReference = 847BA98721F8498D00B952E9 /* appMLUITests.xctest */;
			productType = "com.apple.product-type.bundle.ui-testing";
		};
/* End PBXNativeTarget section */

/* Begin PBXProject section */
		847BA95D21F8498400B952E9 /* Project object */ = {
			isa = PBXProject;
			attributes = {
				LastSwiftUpdateCheck = 1010;
				LastUpgradeCheck = 1010;
				ORGANIZATIONNAME = Saiwarun.Y;
				TargetAttributes = {
					847BA96421F8498400B952E9 = {
						CreatedOnToolsVersion = 10.1;
					};
					847BA97B21F8498D00B952E9 = {
						CreatedOnToolsVersion = 10.1;
						TestTargetID = 847BA96421F8498400B952E9;
					};
					847BA98621F8498D00B952E9 = {
						CreatedOnToolsVersion = 10.1;
						TestTargetID = 847BA96421F8498400B952E9;
					};
				};
			};
			buildConfigurationList = 847BA96021F8498400B952E9 /* Build configuration list for PBXProject "appML" */;
			compatibilityVersion = "Xcode 9.3";
			developmentRegion = en;
			hasScannedForEncodings = 0;
			knownRegions = (
				en,
				Base,
			);
			mainGroup = 847BA95C21F8498400B952E9;
			productRefGroup = 847BA96621F8498400B952E9 /* Products */;
			projectDirPath = "";
			projectRoot = "";
			targets = (
				847BA96421F8498400B952E9 /* appML */,
				847BA97B21F8498D00B952E9 /* appMLTests */,
				847BA98621F8498D00B952E9 /* appMLUITests */,
			);
		};
/* End PBXProject section */

/* Begin PBXResourcesBuildPhase section */
		847BA96321F8498400B952E9 /* Resources */ = {
			isa = PBXResourcesBuildPhase;
			buildActionMask = 2147483647;
			files = (
				847BA97621F8498D00B952E9 /* LaunchScreen.storyboard in Resources */,
				847BA97321F8498D00B952E9 /* Assets.xcassets in Resources */,
				847BA96E21F8498400B952E9 /* Main.storyboard in Resources */,
			);
			runOnlyForDeploymentPostprocessing = 0;
		};
		847BA97A21F8498D00B952E9 /* Resources */ = {
			isa = PBXResourcesBuildPhase;
			buildActionMask = 2147483647;
			files = (
			);
			runOnlyForDeploymentPostprocessing = 0;
		};
		847BA98521F8498D00B952E9 /* Resources */ = {
			isa = PBXResourcesBuildPhase;
			buildActionMask = 2147483647;
			files = (
			);
			runOnlyForDeploymentPostprocessing = 0;
		};
/* End PBXResourcesBuildPhase section */

/* Begin PBXSourcesBuildPhase section */
		847BA96121F8498400B952E9 /* Sources */ = {
			isa = PBXSourcesBuildPhase;
			buildActionMask = 2147483647;
			files = (
				847BA96B21F8498400B952E9 /* ViewController.swift in Sources */,
				847BA97121F8498400B952E9 /* appML.xcdatamodeld in Sources */,
				847BA96921F8498400B952E9 /* AppDelegate.swift in Sources */,
			);
			runOnlyForDeploymentPostprocessing = 0;
		};
		847BA97821F8498D00B952E9 /* Sources */ = {
			isa = PBXSourcesBuildPhase;
			buildActionMask = 2147483647;
			files = (
				847BA98121F8498D00B952E9 /* appMLTests.swift in Sources */,
			);
			runOnlyForDeploymentPostprocessing = 0;
		};
		847BA98321F8498D00B952E9 /* Sources */ = {
			isa = PBXSourcesBuildPhase;
			buildActionMask = 2147483647;
			files = (
				847BA98C21F8498D00B952E9 /* appMLUITests.swift in Sources */,
			);
			runOnlyForDeploymentPostprocessing = 0;
		};
/* End PBXSourcesBuildPhase section */

/* Begin PBXTargetDependency section */
		847BA97E21F8498D00B952E9 /* PBXTargetDependency */ = {
			isa = PBXTargetDependency;
			target = 847BA96421F8498400B952E9 /* appML */;
			targetProxy = 847BA97D21F8498D00B952E9 /* PBXContainerItemProxy */;
		};
		847BA98921F8498D00B952E9 /* PBXTargetDependency */ = {
			isa = PBXTargetDependency;
			target = 847BA96421F8498400B952E9 /* appML */;
			targetProxy = 847BA98821F8498D00B952E9 /* PBXContainerItemProxy */;
		};
/* End PBXTargetDependency section */

/* Begin PBXVariantGroup section */
		847BA96C21F8498400B952E9 /* Main.storyboard */ = {
			isa = PBXVariantGroup;
			children = (
				847BA96D21F8498400B952E9 /* Base */,
			);
			name = Main.storyboard;
			sourceTree = "<group>";
		};
		847BA97421F8498D00B952E9 /* LaunchScreen.storyboard */ = {
			isa = PBXVariantGroup;
			children = (
				847BA97521F8498D00B952E9 /* Base */,
			);
			name = LaunchScreen.storyboard;
			sourceTree = "<group>";
		};
/* End PBXVariantGroup section */

/* Begin XCBuildConfiguration section */
		847BA98E21F8498D00B952E9 /* Debug */ = {
			isa = XCBuildConfiguration;
			buildSettings = {
				ALWAYS_SEARCH_USER_PATHS = NO;
				CLANG_ANALYZER_NONNULL = YES;
				CLANG_ANALYZER_NUMBER_OBJECT_CONVERSION = YES_AGGRESSIVE;
				CLANG_CXX_LANGUAGE_STANDARD = "gnu++14";
				CLANG_CXX_LIBRARY = "libc++";
				CLANG_ENABLE_MODULES = YES;
				CLANG_ENABLE_OBJC_ARC = YES;
				CLANG_ENABLE_OBJC_WEAK = YES;
				CLANG_WARN_BLOCK_CAPTURE_AUTORELEASING = YES;
				CLANG_WARN_BOOL_CONVERSION = YES;
				CLANG_WARN_COMMA = YES;
				CLANG_WARN_CONSTANT_CONVERSION = YES;
				CLANG_WARN_DEPRECATED_OBJC_IMPLEMENTATIONS = YES;
				CLANG_WARN_DIRECT_OBJC_ISA_USAGE = YES_ERROR;
				CLANG_WARN_DOCUMENTATION_COMMENTS = YES;
				CLANG_WARN_EMPTY_BODY = YES;
				CLANG_WARN_ENUM_CONVERSION = YES;
				CLANG_WARN_INFINITE_RECURSION = YES;
				CLANG_WARN_INT_CONVERSION = YES;
				CLANG_WARN_NON_LITERAL_NULL_CONVERSION = YES;
				CLANG_WARN_OBJC_IMPLICIT_RETAIN_SELF = YES;
				CLANG_WARN_OBJC_LITERAL_CONVERSION = YES;
				CLANG_WARN_OBJC_ROOT_CLASS = YES_ERROR;
				CLANG_WARN_RANGE_LOOP_ANALYSIS = YES;
				CLANG_WARN_STRICT_PROTOTYPES = YES;
				CLANG_WARN_SUSPICIOUS_MOVE = YES;
				CLANG_WARN_UNGUARDED_AVAILABILITY = YES_AGGRESSIVE;
				CLANG_WARN_UNREACHABLE_CODE = YES;
				CLANG_WARN__DUPLICATE_METHOD_MATCH = YES;
				CODE_SIGN_IDENTITY = "iPhone Developer";
				COPY_PHASE_STRIP = NO;
				DEBUG_INFORMATION_FORMAT = dwarf;
				ENABLE_STRICT_OBJC_MSGSEND = YES;
				ENABLE_TESTABILITY = YES;
				GCC_C_LANGUAGE_STANDARD = gnu11;
				GCC_DYNAMIC_NO_PIC = NO;
				GCC_NO_COMMON_BLOCKS = YES;
				GCC_OPTIMIZATION_LEVEL = 0;
				GCC_PREPROCESSOR_DEFINITIONS = (
					"DEBUG=1",
					"$(inherited)",
				);
				GCC_WARN_64_TO_32_BIT_CONVERSION = YES;
				GCC_WARN_ABOUT_RETURN_TYPE = YES_ERROR;
				GCC_WARN_UNDECLARED_SELECTOR = YES;
				GCC_WARN_UNINITIALIZED_AUTOS = YES_AGGRESSIVE;
				GCC_WARN_UNUSED_FUNCTION = YES;
				GCC_WARN_UNUSED_VARIABLE = YES;
				IPHONEOS_DEPLOYMENT_TARGET = 12.1;
				MTL_ENABLE_DEBUG_INFO = INCLUDE_SOURCE;
				MTL_FAST_MATH = YES;
				ONLY_ACTIVE_ARCH = YES;
				SDKROOT = iphoneos;
				SWIFT_ACTIVE_COMPILATION_CONDITIONS = DEBUG;
				SWIFT_OPTIMIZATION_LEVEL = "-Onone";
			};
			name = Debug;
		};
		847BA98F21F8498D00B952E9 /* Release */ = {
			isa = XCBuildConfiguration;
			buildSettings = {
				ALWAYS_SEARCH_USER_PATHS = NO;
				CLANG_ANALYZER_NONNULL = YES;
				CLANG_ANALYZER_NUMBER_OBJECT_CONVERSION = YES_AGGRESSIVE;
				CLANG_CXX_LANGUAGE_STANDARD = "gnu++14";
				CLANG_CXX_LIBRARY = "libc++";
				CLANG_ENABLE_MODULES = YES;
				CLANG_ENABLE_OBJC_ARC = YES;
				CLANG_ENABLE_OBJC_WEAK = YES;
				CLANG_WARN_BLOCK_CAPTURE_AUTORELEASING = YES;
				CLANG_WARN_BOOL_CONVERSION = YES;
				CLANG_WARN_COMMA = YES;
				CLANG_WARN_CONSTANT_CONVERSION = YES;
				CLANG_WARN_DEPRECATED_OBJC_IMPLEMENTATIONS = YES;
				CLANG_WARN_DIRECT_OBJC_ISA_USAGE = YES_ERROR;
				CLANG_WARN_DOCUMENTATION_COMMENTS = YES;
				CLANG_WARN_EMPTY_BODY = YES;
				CLANG_WARN_ENUM_CONVERSION = YES;
				CLANG_WARN_INFINITE_RECURSION = YES;
				CLANG_WARN_INT_CONVERSION = YES;
				CLANG_WARN_NON_LITERAL_NULL_CONVERSION = YES;
				CLANG_WARN_OBJC_IMPLICIT_RETAIN_SELF = YES;
				CLANG_WARN_OBJC_LITERAL_CONVERSION = YES;
				CLANG_WARN_OBJC_ROOT_CLASS = YES_ERROR;
				CLANG_WARN_RANGE_LOOP_ANALYSIS = YES;
				CLANG_WARN_STRICT_PROTOTYPES = YES;
				CLANG_WARN_SUSPICIOUS_MOVE = YES;
				CLANG_WARN_UNGUARDED_AVAILABILITY = YES_AGGRESSIVE;
				CLANG_WARN_UNREACHABLE_CODE = YES;
				CLANG_WARN__DUPLICATE_METHOD_MATCH = YES;
				CODE_SIGN_IDENTITY = "iPhone Developer";
				COPY_PHASE_STRIP = NO;
				DEBUG_INFORMATION_FORMAT = "dwarf-with-dsym";
				ENABLE_NS_ASSERTIONS = NO;
				ENABLE_STRICT_OBJC_MSGSEND = YES;
				GCC_C_LANGUAGE_STANDARD = gnu11;
				GCC_NO_COMMON_BLOCKS = YES;
				GCC_WARN_64_TO_32_BIT_CONVERSION = YES;
				GCC_WARN_ABOUT_RETURN_TYPE = YES_ERROR;
				GCC_WARN_UNDECLARED_SELECTOR = YES;
				GCC_WARN_UNINITIALIZED_AUTOS = YES_AGGRESSIVE;
				GCC_WARN_UNUSED_FUNCTION = YES;
				GCC_WARN_UNUSED_VARIABLE = YES;
				IPHONEOS_DEPLOYMENT_TARGET = 12.1;
				MTL_ENABLE_DEBUG_INFO = NO;
				MTL_FAST_MATH = YES;
				SDKROOT = iphoneos;
				SWIFT_COMPILATION_MODE = wholemodule;
				SWIFT_OPTIMIZATION_LEVEL = "-O";
				VALIDATE_PRODUCT = YES;
			};
			name = Release;
		};
		847BA99121F8498D00B952E9 /* Debug */ = {
			isa = XCBuildConfiguration;
			buildSettings = {
				ASSETCATALOG_COMPILER_APPICON_NAME = AppIcon;
				CODE_SIGN_STYLE = Automatic;
				INFOPLIST_FILE = appML/Info.plist;
				LD_RUNPATH_SEARCH_PATHS = (
					"$(inherited)",
					"@executable_path/Frameworks",
				);
				PRODUCT_BUNDLE_IDENTIFIER = Y.Saiwarun.appML;
				PRODUCT_NAME = "$(TARGET_NAME)";
				SWIFT_VERSION = 4.2;
				TARGETED_DEVICE_FAMILY = "1,2";
			};
			name = Debug;
		};
		847BA99221F8498D00B952E9 /* Release */ = {
			isa = XCBuildConfiguration;
			buildSettings = {
				ASSETCATALOG_COMPILER_APPICON_NAME = AppIcon;
				CODE_SIGN_STYLE = Automatic;
				INFOPLIST_FILE = appML/Info.plist;
				LD_RUNPATH_SEARCH_PATHS = (
					"$(inherited)",
					"@executable_path/Frameworks",
				);
				PRODUCT_BUNDLE_IDENTIFIER = Y.Saiwarun.appML;
				PRODUCT_NAME = "$(TARGET_NAME)";
				SWIFT_VERSION = 4.2;
				TARGETED_DEVICE_FAMILY = "1,2";
			};
			name = Release;
		};
		847BA99421F8498D00B952E9 /* Debug */ = {
			isa = XCBuildConfiguration;
			buildSettings = {
				ALWAYS_EMBED_SWIFT_STANDARD_LIBRARIES = YES;
				BUNDLE_LOADER = "$(TEST_HOST)";
				CODE_SIGN_STYLE = Automatic;
				INFOPLIST_FILE = appMLTests/Info.plist;
				LD_RUNPATH_SEARCH_PATHS = (
					"$(inherited)",
					"@executable_path/Frameworks",
					"@loader_path/Frameworks",
				);
				PRODUCT_BUNDLE_IDENTIFIER = Y.Saiwarun.appMLTests;
				PRODUCT_NAME = "$(TARGET_NAME)";
				SWIFT_VERSION = 4.2;
				TARGETED_DEVICE_FAMILY = "1,2";
				TEST_HOST = "$(BUILT_PRODUCTS_DIR)/appML.app/appML";
			};
			name = Debug;
		};
		847BA99521F8498D00B952E9 /* Release */ = {
			isa = XCBuildConfiguration;
			buildSettings = {
				ALWAYS_EMBED_SWIFT_STANDARD_LIBRARIES = YES;
				BUNDLE_LOADER = "$(TEST_HOST)";
				CODE_SIGN_STYLE = Automatic;
				INFOPLIST_FILE = appMLTests/Info.plist;
				LD_RUNPATH_SEARCH_PATHS = (
					"$(inherited)",
					"@executable_path/Frameworks",
					"@loader_path/Frameworks",
				);
				PRODUCT_BUNDLE_IDENTIFIER = Y.Saiwarun.appMLTests;
				PRODUCT_NAME = "$(TARGET_NAME)";
				SWIFT_VERSION = 4.2;
				TARGETED_DEVICE_FAMILY = "1,2";
				TEST_HOST = "$(BUILT_PRODUCTS_DIR)/appML.app/appML";
			};
			name = Release;
		};
		847BA99721F8498D00B952E9 /* Debug */ = {
			isa = XCBuildConfiguration;
			buildSettings = {
				ALWAYS_EMBED_SWIFT_STANDARD_LIBRARIES = YES;
				CODE_SIGN_STYLE = Automatic;
				INFOPLIST_FILE = appMLUITests/Info.plist;
				LD_RUNPATH_SEARCH_PATHS = (
					"$(inherited)",
					"@executable_path/Frameworks",
					"@loader_path/Frameworks",
				);
				PRODUCT_BUNDLE_IDENTIFIER = Y.Saiwarun.appMLUITests;
				PRODUCT_NAME = "$(TARGET_NAME)";
				SWIFT_VERSION = 4.2;
				TARGETED_DEVICE_FAMILY = "1,2";
				TEST_TARGET_NAME = appML;
			};
			name = Debug;
		};
		847BA99821F8498D00B952E9 /* Release */ = {
			isa = XCBuildConfiguration;
			buildSettings = {
				ALWAYS_EMBED_SWIFT_STANDARD_LIBRARIES = YES;
				CODE_SIGN_STYLE = Automatic;
				INFOPLIST_FILE = appMLUITests/Info.plist;
				LD_RUNPATH_SEARCH_PATHS = (
					"$(inherited)",
					"@executable_path/Frameworks",
					"@loader_path/Frameworks",
				);
				PRODUCT_BUNDLE_IDENTIFIER = Y.Saiwarun.appMLUITests;
				PRODUCT_NAME = "$(TARGET_NAME)";
				SWIFT_VERSION = 4.2;
				TARGETED_DEVICE_FAMILY = "1,2";
				TEST_TARGET_NAME = appML;
			};
			name = Release;
		};
/* End XCBuildConfiguration section */

/* Begin XCConfigurationList section */
		847BA96021F8498400B952E9 /* Build configuration list for PBXProject "appML" */ = {
			isa = XCConfigurationList;
			buildConfigurations = (
				847BA98E21F8498D00B952E9 /* Debug */,
				847BA98F21F8498D00B952E9 /* Release */,
			);
			defaultConfigurationIsVisible = 0;
			defaultConfigurationName = Release;
		};
		847BA99021F8498D00B952E9 /* Build configuration list for PBXNativeTarget "appML" */ = {
			isa = XCConfigurationList;
			buildConfigurations = (
				847BA99121F8498D00B952E9 /* Debug */,
				847BA99221F8498D00B952E9 /* Release */,
			);
			defaultConfigurationIsVisible = 0;
			defaultConfigurationName = Release;
		};
		847BA99321F8498D00B952E9 /* Build configuration list for PBXNativeTarget "appMLTests" */ = {
			isa = XCConfigurationList;
			buildConfigurations = (
				847BA99421F8498D00B952E9 /* Debug */,
				847BA99521F8498D00B952E9 /* Release */,
			);
			defaultConfigurationIsVisible = 0;
			defaultConfigurationName = Release;
		};
		847BA99621F8498D00B952E9 /* Build configuration list for PBXNativeTarget "appMLUITests" */ = {
			isa = XCConfigurationList;
			buildConfigurations = (
				847BA99721F8498D00B952E9 /* Debug */,
				847BA99821F8498D00B952E9 /* Release */,
			);
			defaultConfigurationIsVisible = 0;
			defaultConfigurationName = Release;
		};
/* End XCConfigurationList section */

/* Begin XCVersionGroup section */
		847BA96F21F8498400B952E9 /* appML.xcdatamodeld */ = {
			isa = XCVersionGroup;
			children = (
				847BA97021F8498400B952E9 /* appML.xcdatamodel */,
			);
			currentVersion = 847BA97021F8498400B952E9 /* appML.xcdatamodel */;
			path = appML.xcdatamodeld;
			sourceTree = "<group>";
			versionGroupType = wrapper.xcdatamodel;
		};
/* End XCVersionGroup section */
	};
	rootObject = 847BA95D21F8498400B952E9 /* Project object */;
}
